
Microsoft Visual Studio Solution File, Format Version 12.00
# Visual Studio 15
VisualStudioVersion = 15.0.27428.2015
MinimumVisualStudioVersion = 10.0.40219.1
Project("{8BC9CEB8-8B4A-11D0-8D11-00A0C91BC942}") = "Project_Kinect", "Project_Kinect\Project_Kinect.vcxproj", "{33A77B11-44F5-4295-AAEE-CDC3AF204DDD}"
	ProjectSection(ProjectDependencies) = postProject
		{11481B6E-4CA3-4DF6-A33F-2B5790207227} = {11481B6E-4CA3-4DF6-A33F-2B5790207227}
	EndProjectSection
EndProject
Project("{8BC9CEB8-8B4A-11D0-8D11-00A0C91BC942}") = "Project_DNN", "Project_DNN\Project_DNN.vcxproj", "{0DE83E12-3D90-418F-B9A0-B37B49C8C507}"
	ProjectSection(ProjectDependencies) = postProject
		{11481B6E-4CA3-4DF6-A33F-2B5790207227} = {11481B6E-4CA3-4DF6-A33F-2B5790207227}
	EndProjectSection
EndProject
Project("{8BC9CEB8-8B4A-11D0-8D11-00A0C91BC942}") = "_PROJECT_ROOT_", "Project_Root\Project_Root.vcxproj", "{11481B6E-4CA3-4DF6-A33F-2B5790207227}"
EndProject
Project("{888888A0-9F3D-457C-B088-3A5042F75D52}") = "Project_PyDNN", "Project_PyDNN\Project_PyDNN.pyproj", "{AB20CB34-28F4-46C5-8742-3E2B8FDEFB9D}"
EndProject
Global
	GlobalSection(SolutionConfigurationPlatforms) = preSolution
		Debug|Any CPU = Debug|Any CPU
		Debug|x64 = Debug|x64
		Release|Any CPU = Release|Any CPU
		Release|x64 = Release|x64
	EndGlobalSection
	GlobalSection(ProjectConfigurationPlatforms) = postSolution
		{33A77B11-44F5-4295-AAEE-CDC3AF204DDD}.Debug|Any CPU.ActiveCfg = Debug|x64
		{33A77B11-44F5-4295-AAEE-CDC3AF204DDD}.Debug|Any CPU.Build.0 = Debug|x64
		{33A77B11-44F5-4295-AAEE-CDC3AF204DDD}.Debug|x64.ActiveCfg = Debug|x64
		{33A77B11-44F5-4295-AAEE-CDC3AF204DDD}.Debug|x64.Build.0 = Debug|x64
		{33A77B11-44F5-4295-AAEE-CDC3AF204DDD}.Release|Any CPU.ActiveCfg = Release|x64
		{33A77B11-44F5-4295-AAEE-CDC3AF204DDD}.Release|Any CPU.Build.0 = Release|x64
		{33A77B11-44F5-4295-AAEE-CDC3AF204DDD}.Release|x64.ActiveCfg = Release|x64
		{33A77B11-44F5-4295-AAEE-CDC3AF204DDD}.Release|x64.Build.0 = Release|x64
		{0DE83E12-3D90-418F-B9A0-B37B49C8C507}.Debug|Any CPU.ActiveCfg = Debug|x64
		{0DE83E12-3D90-418F-B9A0-B37B49C8C507}.Debug|Any CPU.Build.0 = Debug|x64
		{0DE83E12-3D90-418F-B9A0-B37B49C8C507}.Debug|x64.ActiveCfg = Debug|x64
		{0DE83E12-3D90-418F-B9A0-B37B49C8C507}.Debug|x64.Build.0 = Debug|x64
		{0DE83E12-3D90-418F-B9A0-B37B49C8C507}.Release|Any CPU.ActiveCfg = Release|x64
		{0DE83E12-3D90-418F-B9A0-B37B49C8C507}.Release|Any CPU.Build.0 = Release|x64
		{0DE83E12-3D90-418F-B9A0-B37B49C8C507}.Release|x64.ActiveCfg = Release|x64
		{0DE83E12-3D90-418F-B9A0-B37B49C8C507}.Release|x64.Build.0 = Release|x64
		{11481B6E-4CA3-4DF6-A33F-2B5790207227}.Debug|Any CPU.ActiveCfg = Debug|x64
		{11481B6E-4CA3-4DF6-A33F-2B5790207227}.Debug|Any CPU.Build.0 = Debug|x64
		{11481B6E-4CA3-4DF6-A33F-2B5790207227}.Debug|x64.ActiveCfg = Debug|x64
		{11481B6E-4CA3-4DF6-A33F-2B5790207227}.Debug|x64.Build.0 = Debug|x64
		{11481B6E-4CA3-4DF6-A33F-2B5790207227}.Release|Any CPU.ActiveCfg = Release|x64
		{11481B6E-4CA3-4DF6-A33F-2B5790207227}.Release|Any CPU.Build.0 = Release|x64
		{11481B6E-4CA3-4DF6-A33F-2B5790207227}.Release|x64.ActiveCfg = Release|x64
		{11481B6E-4CA3-4DF6-A33F-2B5790207227}.Release|x64.Build.0 = Release|x64
		{AB20CB34-28F4-46C5-8742-3E2B8FDEFB9D}.Debug|Any CPU.ActiveCfg = Debug|Any CPU
		{AB20CB34-28F4-46C5-8742-3E2B8FDEFB9D}.Debug|x64.ActiveCfg = Debug|Any CPU
		{AB20CB34-28F4-46C5-8742-3E2B8FDEFB9D}.Release|Any CPU.ActiveCfg = Release|Any CPU
		{AB20CB34-28F4-46C5-8742-3E2B8FDEFB9D}.Release|x64.ActiveCfg = Release|Any CPU
	EndGlobalSection
	GlobalSection(SolutionProperties) = preSolution
		HideSolutionNode = FALSE
	EndGlobalSection
	GlobalSection(ExtensibilityGlobals) = postSolution
		SolutionGuid = {D54B3412-119D-48CB-BD14-6A319819DA5F}
	EndGlobalSection
EndGlobal
