<?xml version="1.0" encoding="utf-8"?>
<Project ToolsVersion="4.0" xmlns="http://schemas.microsoft.com/developer/msbuild/2003">
  <ItemGroup>
    <Filter Include="소스 파일">
      <UniqueIdentifier>{4FC737F1-C7A5-4376-A066-2A32D752A2FF}</UniqueIdentifier>
      <Extensions>cpp;c;cc;cxx;def;odl;idl;hpj;bat;asm;asmx</Extensions>
    </Filter>
    <Filter Include="헤더 파일">
      <UniqueIdentifier>{93995380-89BD-4b04-88EB-625FBE52EBFB}</UniqueIdentifier>
      <Extensions>h;hh;hpp;hxx;hm;inl;inc;ipp;xsd</Extensions>
    </Filter>
    <Filter Include="리소스 파일">
      <UniqueIdentifier>{67DA6AB6-F800-4c08-8B7A-83BB121AAD01}</UniqueIdentifier>
      <Extensions>rc;ico;cur;bmp;dlg;rc2;rct;bin;rgs;gif;jpg;jpeg;jpe;resx;tiff;tif;png;wav;mfcribbon-ms</Extensions>
    </Filter>
    <Filter Include="Common">
      <UniqueIdentifier>{5806c789-c34e-4093-bad3-5072127a1d72}</UniqueIdentifier>
    </Filter>
  </ItemGroup>
  <ItemGroup>
    <ClCompile Include="..\code_kinect\Frame.cpp">
      <Filter>소스 파일</Filter>
    </ClCompile>
    <ClCompile Include="..\code_kinect\FrameCollection.cpp">
      <Filter>소스 파일</Filter>
    </ClCompile>
    <ClCompile Include="..\code_kinect\main.cpp">
      <Filter>소스 파일</Filter>
    </ClCompile>
    <ClCompile Include="..\code_kinect\SPoint.cpp">
      <Filter>소스 파일</Filter>
    </ClCompile>
    <ClCompile Include="..\code_common\LabelMapper.cpp">
      <Filter>Common</Filter>
    </ClCompile>
    <ClCompile Include="..\code_kinect\kinectProgram.cpp">
      <Filter>소스 파일</Filter>
    </ClCompile>
  </ItemGroup>
  <ItemGroup>
    <ClInclude Include="..\code_kinect\Frame.h">
      <Filter>헤더 파일</Filter>
    </ClInclude>
    <ClInclude Include="..\code_kinect\FrameCollection.h">
      <Filter>헤더 파일</Filter>
    </ClInclude>
    <ClInclude Include="..\code_kinect\SPoint.h">
      <Filter>헤더 파일</Filter>
    </ClInclude>
    <ClInclude Include="..\code_common\LabelMapper.h">
      <Filter>Common</Filter>
    </ClInclude>
    <ClInclude Include="..\code_common\defines.hpp">
      <Filter>Common</Filter>
    </ClInclude>
    <ClInclude Include="..\code_kinect\kinectProgram.h">
      <Filter>헤더 파일</Filter>
    </ClInclude>
    <ClInclude Include="..\code_common\kygUtil.hpp">
      <Filter>Common</Filter>
    </ClInclude>
  </ItemGroup>
</Project>